
Microsoft Visual Studio Solution File, Format Version 12.00
# Visual Studio Version 16
VisualStudioVersion = 16.0.30717.126
MinimumVisualStudioVersion = 10.0.40219.1
Project("{8BC9CEB8-8B4A-11D0-8D11-00A0C91BC942}") = "RA3Launcher", "RA3Launcher.vcxproj", "{C3AF6237-720A-4053-B54B-8EAF6AEAB97E}"
EndProject
Global
	GlobalSection(SolutionConfigurationPlatforms) = preSolution
		Debug|x64 = Debug|x64
		Debug|x86 = Debug|x86
		Release|x64 = Release|x64
		Release|x86 = Release|x86
	EndGlobalSection
	GlobalSection(ProjectConfigurationPlatforms) = postSolution
		{C3AF6237-720A-4053-B54B-8EAF6AEAB97E}.Debug|x64.ActiveCfg = Debug|x64
		{C3AF6237-720A-4053-B54B-8EAF6AEAB97E}.Debug|x64.Build.0 = Debug|x64
		{C3AF6237-720A-4053-B54B-8EAF6AEAB97E}.Debug|x86.ActiveCfg = Debug|Win32
		{C3AF6237-720A-4053-B54B-8EAF6AEAB97E}.Debug|x86.Build.0 = Debug|Win32
		{C3AF6237-720A-4053-B54B-8EAF6AEAB97E}.Release|x64.ActiveCfg = Release|x64
		{C3AF6237-720A-4053-B54B-8EAF6AEAB97E}.Release|x64.Build.0 = Release|x64
		{C3AF6237-720A-4053-B54B-8EAF6AEAB97E}.Release|x86.ActiveCfg = Release|Win32
		{C3AF6237-720A-4053-B54B-8EAF6AEAB97E}.Release|x86.Build.0 = Release|Win32
	EndGlobalSection
	GlobalSection(SolutionProperties) = preSolution
		HideSolutionNode = FALSE
	EndGlobalSection
	GlobalSection(ExtensibilityGlobals) = postSolution
		SolutionGuid = {17C927D7-F766-48B3-9370-532901951275}
	EndGlobalSection
EndGlobal
